
Microsoft Visual Studio Solution File, Format Version 12.00
# Visual Studio Version 16
VisualStudioVersion = 16.0.29503.13
MinimumVisualStudioVersion = 10.0.40219.1
Project("{FAE04EC0-301F-11D3-BF4B-00C04F79EFBC}") = "frontdoor1", "frontdoor1\frontdoor1.csproj", "{F2759E6B-0A02-4720-8B3B-B1BBF532AB98}"
EndProject
Global
	GlobalSection(SolutionConfigurationPlatforms) = preSolution
		Debug|Any CPU = Debug|Any CPU
		Release|Any CPU = Release|Any CPU
	EndGlobalSection
	GlobalSection(ProjectConfigurationPlatforms) = postSolution
		{F2759E6B-0A02-4720-8B3B-B1BBF532AB98}.Debug|Any CPU.ActiveCfg = Debug|Any CPU
		{F2759E6B-0A02-4720-8B3B-B1BBF532AB98}.Debug|Any CPU.Build.0 = Debug|Any CPU
		{F2759E6B-0A02-4720-8B3B-B1BBF532AB98}.Release|Any CPU.ActiveCfg = Release|Any CPU
		{F2759E6B-0A02-4720-8B3B-B1BBF532AB98}.Release|Any CPU.Build.0 = Release|Any CPU
	EndGlobalSection
	GlobalSection(SolutionProperties) = preSolution
		HideSolutionNode = FALSE
	EndGlobalSection
	GlobalSection(ExtensibilityGlobals) = postSolution
		SolutionGuid = {DF9107B6-03A0-4D5F-9B6B-C106D3FB828C}
	EndGlobalSection
EndGlobal
